<?xml version="1.0" encoding="UTF-8"?>
<!DOCTYPE plist PUBLIC "-//Apple//DTD PLIST 1.0//EN" "http://www.apple.com/DTDs/PropertyList-1.0.dtd">
<plist version="1.0">
<dict>
	<key>archiveVersion</key>
	<string>1</string>
	<key>classes</key>
	<dict/>
	<key>objectVersion</key>
	<string>46</string>
	<key>objects</key>
	<dict>
		<key>2B455C66AFC64D62ADFFFD47</key>
		<dict>
			<key>fileRef</key>
			<string>93D6EED5D0AA48EEB979D824</string>
			<key>isa</key>
			<string>PBXBuildFile</string>
		</dict>
		<key>4E27A2824D6D40349936A2A5</key>
		<dict>
			<key>buildActionMask</key>
			<string>2147483647</string>
			<key>files</key>
			<array/>
			<key>inputPaths</key>
			<array/>
			<key>isa</key>
			<string>PBXShellScriptBuildPhase</string>
			<key>name</key>
			<string>Check Pods Manifest.lock</string>
			<key>outputPaths</key>
			<array/>
			<key>runOnlyForDeploymentPostprocessing</key>
			<string>0</string>
			<key>shellPath</key>
			<string>/bin/sh</string>
			<key>shellScript</key>
			<string>diff "${PODS_ROOT}/../Podfile.lock" "${PODS_ROOT}/Manifest.lock" &gt; /dev/null
if [[ $? != 0 ]] ; then
    cat &lt;&lt; EOM
error: The sandbox is not in sync with the Podfile.lock. Run 'pod install' or update your CocoaPods installation.
EOM
    exit 1
fi
</string>
			<key>showEnvVarsInLog</key>
			<string>0</string>
		</dict>
		<key>682F0E8218D88BA600FBE3E0</key>
		<dict>
			<key>fileEncoding</key>
			<string>4</string>
			<key>isa</key>
			<string>PBXFileReference</string>
			<key>lastKnownFileType</key>
			<string>sourcecode.c.h</string>
			<key>name</key>
			<string>GTDataImporter.h</string>
			<key>path</key>
			<string>godtools-ios-api/Models/GTDataImporter.h</string>
			<key>sourceTree</key>
			<string>&lt;group&gt;</string>
		</dict>
		<key>682F0E8318D88BA600FBE3E0</key>
		<dict>
			<key>fileEncoding</key>
			<string>4</string>
			<key>isa</key>
			<string>PBXFileReference</string>
			<key>lastKnownFileType</key>
			<string>sourcecode.c.objc</string>
			<key>name</key>
			<string>GTDataImporter.m</string>
			<key>path</key>
			<string>godtools-ios-api/Models/GTDataImporter.m</string>
			<key>sourceTree</key>
			<string>&lt;group&gt;</string>
		</dict>
		<key>682F0E8418D88BA600FBE3E0</key>
		<dict>
			<key>fileRef</key>
			<string>682F0E8318D88BA600FBE3E0</string>
			<key>isa</key>
			<string>PBXBuildFile</string>
		</dict>
		<key>682F0E8518D88BD600FBE3E0</key>
		<dict>
			<key>fileRef</key>
			<string>68E6068918D3986D00844377</string>
			<key>isa</key>
			<string>PBXBuildFile</string>
		</dict>
		<key>682F0E8618D88BD600FBE3E0</key>
		<dict>
			<key>fileRef</key>
			<string>682F0E8318D88BA600FBE3E0</string>
			<key>isa</key>
			<string>PBXBuildFile</string>
		</dict>
		<key>682F0E8B18D8FA3900FBE3E0</key>
		<dict>
			<key>fileEncoding</key>
			<string>4</string>
			<key>isa</key>
			<string>PBXFileReference</string>
			<key>lastKnownFileType</key>
			<string>sourcecode.c.h</string>
			<key>name</key>
			<string>GTConfig.h</string>
			<key>path</key>
			<string>godtools-ios-api/GTConfig.h</string>
			<key>sourceTree</key>
			<string>&lt;group&gt;</string>
		</dict>
		<key>682F0E8C18D8FA3900FBE3E0</key>
		<dict>
			<key>fileEncoding</key>
			<string>4</string>
			<key>isa</key>
			<string>PBXFileReference</string>
			<key>lastKnownFileType</key>
			<string>sourcecode.c.objc</string>
			<key>name</key>
			<string>GTConfig.m</string>
			<key>path</key>
			<string>godtools-ios-api/GTConfig.m</string>
			<key>sourceTree</key>
			<string>&lt;group&gt;</string>
		</dict>
		<key>682F0E8D18D8FA3900FBE3E0</key>
		<dict>
			<key>fileRef</key>
			<string>682F0E8C18D8FA3900FBE3E0</string>
			<key>isa</key>
			<string>PBXBuildFile</string>
		</dict>
		<key>682F0E8E18D8FA3900FBE3E0</key>
		<dict>
			<key>fileRef</key>
			<string>682F0E8C18D8FA3900FBE3E0</string>
			<key>isa</key>
			<string>PBXBuildFile</string>
		</dict>
		<key>682F0E8F18D8FBE100FBE3E0</key>
		<dict>
			<key>fileEncoding</key>
			<string>4</string>
			<key>isa</key>
			<string>PBXFileReference</string>
			<key>lastKnownFileType</key>
			<string>text.plist.xml</string>
			<key>name</key>
			<string>config.plist</string>
			<key>path</key>
			<string>godtools-ios-api/config.plist</string>
			<key>sourceTree</key>
			<string>&lt;group&gt;</string>
		</dict>
		<key>682F0E9018D8FBE100FBE3E0</key>
		<dict>
			<key>fileRef</key>
			<string>682F0E8F18D8FBE100FBE3E0</string>
			<key>isa</key>
			<string>PBXBuildFile</string>
		</dict>
		<key>682F0E9118D8FBE100FBE3E0</key>
		<dict>
			<key>fileRef</key>
			<string>682F0E8F18D8FBE100FBE3E0</string>
			<key>isa</key>
			<string>PBXBuildFile</string>
		</dict>
		<key>68740D0618D24F9A00D36C0E</key>
		<dict>
			<key>children</key>
			<array>
				<string>68740D1818D24F9A00D36C0E</string>
				<string>68740D3718D24F9A00D36C0E</string>
				<string>68740D1118D24F9A00D36C0E</string>
				<string>68740D1018D24F9A00D36C0E</string>
				<string>E249B0B61E7F44AA97C935A4</string>
			</array>
			<key>isa</key>
			<string>PBXGroup</string>
			<key>sourceTree</key>
			<string>&lt;group&gt;</string>
		</dict>
		<key>68740D0718D24F9A00D36C0E</key>
		<dict>
			<key>attributes</key>
			<dict>
				<key>CLASSPREFIX</key>
				<string>GT</string>
				<key>LastUpgradeCheck</key>
				<string>0510</string>
				<key>ORGANIZATIONNAME</key>
				<string>Michael Harrison</string>
				<key>TargetAttributes</key>
				<dict>
					<key>68740D2F18D24F9A00D36C0E</key>
					<dict>
						<key>TestTargetID</key>
						<string>68740D0E18D24F9A00D36C0E</string>
					</dict>
				</dict>
			</dict>
			<key>buildConfigurationList</key>
			<string>68740D0A18D24F9A00D36C0E</string>
			<key>compatibilityVersion</key>
			<string>Xcode 3.2</string>
			<key>developmentRegion</key>
			<string>English</string>
			<key>hasScannedForEncodings</key>
			<string>0</string>
			<key>isa</key>
			<string>PBXProject</string>
			<key>knownRegions</key>
			<array>
				<string>en</string>
				<string>Base</string>
			</array>
			<key>mainGroup</key>
			<string>68740D0618D24F9A00D36C0E</string>
			<key>productRefGroup</key>
			<string>68740D1018D24F9A00D36C0E</string>
			<key>projectDirPath</key>
			<string></string>
			<key>projectReferences</key>
			<array/>
			<key>projectRoot</key>
			<string></string>
			<key>targets</key>
			<array>
				<string>68740D0E18D24F9A00D36C0E</string>
				<string>68740D2F18D24F9A00D36C0E</string>
			</array>
		</dict>
		<key>68740D0A18D24F9A00D36C0E</key>
		<dict>
			<key>buildConfigurations</key>
			<array>
				<string>68740D3F18D24F9A00D36C0E</string>
				<string>68740D4018D24F9A00D36C0E</string>
			</array>
			<key>defaultConfigurationIsVisible</key>
			<string>0</string>
			<key>defaultConfigurationName</key>
			<string>Release</string>
			<key>isa</key>
			<string>XCConfigurationList</string>
		</dict>
		<key>68740D0B18D24F9A00D36C0E</key>
		<dict>
			<key>buildActionMask</key>
			<string>2147483647</string>
			<key>files</key>
			<array>
				<string>68A1CBFD18DB6C3B00D84F12</string>
				<string>68E6067A18D3947600844377</string>
				<string>68E6067E18D3949700844377</string>
				<string>68E6067218D3844600844377</string>
				<string>68E6068218D394B100844377</string>
				<string>682F0E8D18D8FA3900FBE3E0</string>
				<string>682F0E8418D88BA600FBE3E0</string>
				<string>68740D4918D259AA00D36C0E</string>
				<string>68740D1F18D24F9A00D36C0E</string>
				<string>68740D2918D24F9A00D36C0E</string>
				<string>68E6068618D3952800844377</string>
				<string>68740D2318D24F9A00D36C0E</string>
				<string>68E6068C18D398AC00844377</string>
			</array>
			<key>isa</key>
			<string>PBXSourcesBuildPhase</string>
			<key>runOnlyForDeploymentPostprocessing</key>
			<string>0</string>
		</dict>
		<key>68740D0C18D24F9A00D36C0E</key>
		<dict>
			<key>buildActionMask</key>
			<string>2147483647</string>
			<key>files</key>
			<array>
				<string>68740D1518D24F9A00D36C0E</string>
				<string>68740D1718D24F9A00D36C0E</string>
				<string>68740D1318D24F9A00D36C0E</string>
				<string>EC75323B8E7649068F0619CB</string>
			</array>
			<key>isa</key>
			<string>PBXFrameworksBuildPhase</string>
			<key>runOnlyForDeploymentPostprocessing</key>
			<string>0</string>
		</dict>
		<key>68740D0D18D24F9A00D36C0E</key>
		<dict>
			<key>buildActionMask</key>
			<string>2147483647</string>
			<key>files</key>
			<array>
				<string>682F0E9018D8FBE100FBE3E0</string>
				<string>68740D2B18D24F9A00D36C0E</string>
				<string>68740D1D18D24F9A00D36C0E</string>
				<string>68740D2618D24F9A00D36C0E</string>
			</array>
			<key>isa</key>
			<string>PBXResourcesBuildPhase</string>
			<key>runOnlyForDeploymentPostprocessing</key>
			<string>0</string>
		</dict>
		<key>68740D0E18D24F9A00D36C0E</key>
		<dict>
			<key>buildConfigurationList</key>
			<string>68740D4118D24F9A00D36C0E</string>
			<key>buildPhases</key>
			<array>
				<string>4E27A2824D6D40349936A2A5</string>
				<string>68740D0B18D24F9A00D36C0E</string>
				<string>68740D0C18D24F9A00D36C0E</string>
				<string>68740D0D18D24F9A00D36C0E</string>
				<string>B3FC0BD662C6407DB9C944C8</string>
			</array>
			<key>buildRules</key>
			<array/>
			<key>dependencies</key>
			<array/>
			<key>isa</key>
			<string>PBXNativeTarget</string>
			<key>name</key>
			<string>godtools</string>
			<key>productName</key>
			<string>godtools</string>
			<key>productReference</key>
			<string>68740D0F18D24F9A00D36C0E</string>
			<key>productType</key>
			<string>com.apple.product-type.application</string>
		</dict>
		<key>68740D0F18D24F9A00D36C0E</key>
		<dict>
			<key>explicitFileType</key>
			<string>wrapper.application</string>
			<key>includeInIndex</key>
			<string>0</string>
			<key>isa</key>
			<string>PBXFileReference</string>
			<key>path</key>
			<string>godtools.app</string>
			<key>sourceTree</key>
			<string>BUILT_PRODUCTS_DIR</string>
		</dict>
		<key>68740D1018D24F9A00D36C0E</key>
		<dict>
			<key>children</key>
			<array>
				<string>68740D0F18D24F9A00D36C0E</string>
				<string>68740D3018D24F9A00D36C0E</string>
			</array>
			<key>isa</key>
			<string>PBXGroup</string>
			<key>name</key>
			<string>Products</string>
			<key>sourceTree</key>
			<string>&lt;group&gt;</string>
		</dict>
		<key>68740D1118D24F9A00D36C0E</key>
		<dict>
			<key>children</key>
			<array>
				<string>68740D1218D24F9A00D36C0E</string>
				<string>68740D1418D24F9A00D36C0E</string>
				<string>68740D1618D24F9A00D36C0E</string>
				<string>68740D3118D24F9A00D36C0E</string>
				<string>93D6EED5D0AA48EEB979D824</string>
			</array>
			<key>isa</key>
			<string>PBXGroup</string>
			<key>name</key>
			<string>Frameworks</string>
			<key>sourceTree</key>
			<string>&lt;group&gt;</string>
		</dict>
		<key>68740D1218D24F9A00D36C0E</key>
		<dict>
			<key>isa</key>
			<string>PBXFileReference</string>
			<key>lastKnownFileType</key>
			<string>wrapper.framework</string>
			<key>name</key>
			<string>Foundation.framework</string>
			<key>path</key>
			<string>System/Library/Frameworks/Foundation.framework</string>
			<key>sourceTree</key>
			<string>SDKROOT</string>
		</dict>
		<key>68740D1318D24F9A00D36C0E</key>
		<dict>
			<key>fileRef</key>
			<string>68740D1218D24F9A00D36C0E</string>
			<key>isa</key>
			<string>PBXBuildFile</string>
		</dict>
		<key>68740D1418D24F9A00D36C0E</key>
		<dict>
			<key>isa</key>
			<string>PBXFileReference</string>
			<key>lastKnownFileType</key>
			<string>wrapper.framework</string>
			<key>name</key>
			<string>CoreGraphics.framework</string>
			<key>path</key>
			<string>System/Library/Frameworks/CoreGraphics.framework</string>
			<key>sourceTree</key>
			<string>SDKROOT</string>
		</dict>
		<key>68740D1518D24F9A00D36C0E</key>
		<dict>
			<key>fileRef</key>
			<string>68740D1418D24F9A00D36C0E</string>
			<key>isa</key>
			<string>PBXBuildFile</string>
		</dict>
		<key>68740D1618D24F9A00D36C0E</key>
		<dict>
			<key>isa</key>
			<string>PBXFileReference</string>
			<key>lastKnownFileType</key>
			<string>wrapper.framework</string>
			<key>name</key>
			<string>UIKit.framework</string>
			<key>path</key>
			<string>System/Library/Frameworks/UIKit.framework</string>
			<key>sourceTree</key>
			<string>SDKROOT</string>
		</dict>
		<key>68740D1718D24F9A00D36C0E</key>
		<dict>
			<key>fileRef</key>
			<string>68740D1618D24F9A00D36C0E</string>
			<key>isa</key>
			<string>PBXBuildFile</string>
		</dict>
		<key>68740D1818D24F9A00D36C0E</key>
		<dict>
			<key>children</key>
			<array>
				<string>68E6065E18D3834300844377</string>
				<string>68740D2118D24F9A00D36C0E</string>
				<string>68740D2218D24F9A00D36C0E</string>
				<string>68740D2418D24F9A00D36C0E</string>
				<string>68740D2718D24F9A00D36C0E</string>
				<string>68740D2818D24F9A00D36C0E</string>
				<string>68740D4718D259AA00D36C0E</string>
				<string>68740D2A18D24F9A00D36C0E</string>
				<string>68740D1918D24F9A00D36C0E</string>
			</array>
			<key>isa</key>
			<string>PBXGroup</string>
			<key>path</key>
			<string>godtools</string>
			<key>sourceTree</key>
			<string>&lt;group&gt;</string>
		</dict>
		<key>68740D1918D24F9A00D36C0E</key>
		<dict>
			<key>children</key>
			<array>
				<string>68740D1A18D24F9A00D36C0E</string>
				<string>68740D1B18D24F9A00D36C0E</string>
				<string>68740D1E18D24F9A00D36C0E</string>
				<string>68740D2018D24F9A00D36C0E</string>
			</array>
			<key>isa</key>
			<string>PBXGroup</string>
			<key>name</key>
			<string>Supporting Files</string>
			<key>sourceTree</key>
			<string>&lt;group&gt;</string>
		</dict>
		<key>68740D1A18D24F9A00D36C0E</key>
		<dict>
			<key>isa</key>
			<string>PBXFileReference</string>
			<key>lastKnownFileType</key>
			<string>text.plist.xml</string>
			<key>path</key>
			<string>godtools-Info.plist</string>
			<key>sourceTree</key>
			<string>&lt;group&gt;</string>
		</dict>
		<key>68740D1B18D24F9A00D36C0E</key>
		<dict>
			<key>children</key>
			<array>
				<string>68740D1C18D24F9A00D36C0E</string>
			</array>
			<key>isa</key>
			<string>PBXVariantGroup</string>
			<key>name</key>
			<string>InfoPlist.strings</string>
			<key>sourceTree</key>
			<string>&lt;group&gt;</string>
		</dict>
		<key>68740D1C18D24F9A00D36C0E</key>
		<dict>
			<key>isa</key>
			<string>PBXFileReference</string>
			<key>lastKnownFileType</key>
			<string>text.plist.strings</string>
			<key>name</key>
			<string>en</string>
			<key>path</key>
			<string>en.lproj/InfoPlist.strings</string>
			<key>sourceTree</key>
			<string>&lt;group&gt;</string>
		</dict>
		<key>68740D1D18D24F9A00D36C0E</key>
		<dict>
			<key>fileRef</key>
			<string>68740D1B18D24F9A00D36C0E</string>
			<key>isa</key>
			<string>PBXBuildFile</string>
		</dict>
		<key>68740D1E18D24F9A00D36C0E</key>
		<dict>
			<key>isa</key>
			<string>PBXFileReference</string>
			<key>lastKnownFileType</key>
			<string>sourcecode.c.objc</string>
			<key>path</key>
			<string>main.m</string>
			<key>sourceTree</key>
			<string>&lt;group&gt;</string>
		</dict>
		<key>68740D1F18D24F9A00D36C0E</key>
		<dict>
			<key>fileRef</key>
			<string>68740D1E18D24F9A00D36C0E</string>
			<key>isa</key>
			<string>PBXBuildFile</string>
		</dict>
		<key>68740D2018D24F9A00D36C0E</key>
		<dict>
			<key>isa</key>
			<string>PBXFileReference</string>
			<key>lastKnownFileType</key>
			<string>sourcecode.c.h</string>
			<key>path</key>
			<string>godtools-Prefix.pch</string>
			<key>sourceTree</key>
			<string>&lt;group&gt;</string>
		</dict>
		<key>68740D2118D24F9A00D36C0E</key>
		<dict>
			<key>isa</key>
			<string>PBXFileReference</string>
			<key>lastKnownFileType</key>
			<string>sourcecode.c.h</string>
			<key>path</key>
			<string>GTAppDelegate.h</string>
			<key>sourceTree</key>
			<string>&lt;group&gt;</string>
		</dict>
		<key>68740D2218D24F9A00D36C0E</key>
		<dict>
			<key>isa</key>
			<string>PBXFileReference</string>
			<key>lastKnownFileType</key>
			<string>sourcecode.c.objc</string>
			<key>path</key>
			<string>GTAppDelegate.m</string>
			<key>sourceTree</key>
			<string>&lt;group&gt;</string>
		</dict>
		<key>68740D2318D24F9A00D36C0E</key>
		<dict>
			<key>fileRef</key>
			<string>68740D2218D24F9A00D36C0E</string>
			<key>isa</key>
			<string>PBXBuildFile</string>
		</dict>
		<key>68740D2418D24F9A00D36C0E</key>
		<dict>
			<key>children</key>
			<array>
				<string>68740D2518D24F9A00D36C0E</string>
			</array>
			<key>isa</key>
			<string>PBXVariantGroup</string>
			<key>name</key>
			<string>Main.storyboard</string>
			<key>sourceTree</key>
			<string>&lt;group&gt;</string>
		</dict>
		<key>68740D2518D24F9A00D36C0E</key>
		<dict>
			<key>isa</key>
			<string>PBXFileReference</string>
			<key>lastKnownFileType</key>
			<string>file.storyboard</string>
			<key>name</key>
			<string>Base</string>
			<key>path</key>
			<string>Base.lproj/Main.storyboard</string>
			<key>sourceTree</key>
			<string>&lt;group&gt;</string>
		</dict>
		<key>68740D2618D24F9A00D36C0E</key>
		<dict>
			<key>fileRef</key>
			<string>68740D2418D24F9A00D36C0E</string>
			<key>isa</key>
			<string>PBXBuildFile</string>
		</dict>
		<key>68740D2718D24F9A00D36C0E</key>
		<dict>
			<key>isa</key>
			<string>PBXFileReference</string>
			<key>lastKnownFileType</key>
			<string>sourcecode.c.h</string>
			<key>path</key>
			<string>GTViewController.h</string>
			<key>sourceTree</key>
			<string>&lt;group&gt;</string>
		</dict>
		<key>68740D2818D24F9A00D36C0E</key>
		<dict>
			<key>isa</key>
			<string>PBXFileReference</string>
			<key>lastKnownFileType</key>
			<string>sourcecode.c.objc</string>
			<key>path</key>
			<string>GTViewController.m</string>
			<key>sourceTree</key>
			<string>&lt;group&gt;</string>
		</dict>
		<key>68740D2918D24F9A00D36C0E</key>
		<dict>
			<key>fileRef</key>
			<string>68740D2818D24F9A00D36C0E</string>
			<key>isa</key>
			<string>PBXBuildFile</string>
		</dict>
		<key>68740D2A18D24F9A00D36C0E</key>
		<dict>
			<key>isa</key>
			<string>PBXFileReference</string>
			<key>lastKnownFileType</key>
			<string>folder.assetcatalog</string>
			<key>path</key>
			<string>Images.xcassets</string>
			<key>sourceTree</key>
			<string>&lt;group&gt;</string>
		</dict>
		<key>68740D2B18D24F9A00D36C0E</key>
		<dict>
			<key>fileRef</key>
			<string>68740D2A18D24F9A00D36C0E</string>
			<key>isa</key>
			<string>PBXBuildFile</string>
		</dict>
		<key>68740D2C18D24F9A00D36C0E</key>
		<dict>
			<key>buildActionMask</key>
			<string>2147483647</string>
			<key>files</key>
			<array>
				<string>682F0E8518D88BD600FBE3E0</string>
				<string>682F0E8618D88BD600FBE3E0</string>
				<string>68E6068718D3952800844377</string>
				<string>68A1CBFF18DB6F9600D84F12</string>
				<string>68E6067318D3844600844377</string>
				<string>68E6068318D394B100844377</string>
				<string>68E6067B18D3947600844377</string>
				<string>68740D4A18D259AA00D36C0E</string>
				<string>68E6068D18D398AC00844377</string>
				<string>682F0E8E18D8FA3900FBE3E0</string>
				<string>68740D3E18D24F9A00D36C0E</string>
				<string>68E6067F18D3949700844377</string>
			</array>
			<key>isa</key>
			<string>PBXSourcesBuildPhase</string>
			<key>runOnlyForDeploymentPostprocessing</key>
			<string>0</string>
		</dict>
		<key>68740D2D18D24F9A00D36C0E</key>
		<dict>
			<key>buildActionMask</key>
			<string>2147483647</string>
			<key>files</key>
			<array>
				<string>68740D3218D24F9A00D36C0E</string>
				<string>68740D3418D24F9A00D36C0E</string>
				<string>68740D3318D24F9A00D36C0E</string>
				<string>2B455C66AFC64D62ADFFFD47</string>
			</array>
			<key>isa</key>
			<string>PBXFrameworksBuildPhase</string>
			<key>runOnlyForDeploymentPostprocessing</key>
			<string>0</string>
		</dict>
		<key>68740D2E18D24F9A00D36C0E</key>
		<dict>
			<key>buildActionMask</key>
			<string>2147483647</string>
			<key>files</key>
			<array>
				<string>682F0E9118D8FBE100FBE3E0</string>
				<string>68740D3C18D24F9A00D36C0E</string>
			</array>
			<key>isa</key>
			<string>PBXResourcesBuildPhase</string>
			<key>runOnlyForDeploymentPostprocessing</key>
			<string>0</string>
		</dict>
		<key>68740D2F18D24F9A00D36C0E</key>
		<dict>
			<key>buildConfigurationList</key>
			<string>68740D4418D24F9A00D36C0E</string>
			<key>buildPhases</key>
			<array>
				<string>89ECDA547D6840539CE634E3</string>
				<string>68740D2C18D24F9A00D36C0E</string>
				<string>68740D2D18D24F9A00D36C0E</string>
				<string>68740D2E18D24F9A00D36C0E</string>
				<string>D50E718DB44A4FE486486F47</string>
			</array>
			<key>buildRules</key>
			<array/>
			<key>dependencies</key>
			<array>
				<string>68740D3618D24F9A00D36C0E</string>
			</array>
			<key>isa</key>
			<string>PBXNativeTarget</string>
			<key>name</key>
			<string>godtoolsTests</string>
			<key>productName</key>
			<string>godtoolsTests</string>
			<key>productReference</key>
			<string>68740D3018D24F9A00D36C0E</string>
			<key>productType</key>
			<string>com.apple.product-type.bundle.unit-test</string>
		</dict>
		<key>68740D3018D24F9A00D36C0E</key>
		<dict>
			<key>explicitFileType</key>
			<string>wrapper.cfbundle</string>
			<key>includeInIndex</key>
			<string>0</string>
			<key>isa</key>
			<string>PBXFileReference</string>
			<key>path</key>
			<string>godtoolsTests.xctest</string>
			<key>sourceTree</key>
			<string>BUILT_PRODUCTS_DIR</string>
		</dict>
		<key>68740D3118D24F9A00D36C0E</key>
		<dict>
			<key>isa</key>
			<string>PBXFileReference</string>
			<key>lastKnownFileType</key>
			<string>wrapper.framework</string>
			<key>name</key>
			<string>XCTest.framework</string>
			<key>path</key>
			<string>Library/Frameworks/XCTest.framework</string>
			<key>sourceTree</key>
			<string>DEVELOPER_DIR</string>
		</dict>
		<key>68740D3218D24F9A00D36C0E</key>
		<dict>
			<key>fileRef</key>
			<string>68740D3118D24F9A00D36C0E</string>
			<key>isa</key>
			<string>PBXBuildFile</string>
		</dict>
		<key>68740D3318D24F9A00D36C0E</key>
		<dict>
			<key>fileRef</key>
			<string>68740D1218D24F9A00D36C0E</string>
			<key>isa</key>
			<string>PBXBuildFile</string>
		</dict>
		<key>68740D3418D24F9A00D36C0E</key>
		<dict>
			<key>fileRef</key>
			<string>68740D1618D24F9A00D36C0E</string>
			<key>isa</key>
			<string>PBXBuildFile</string>
		</dict>
		<key>68740D3518D24F9A00D36C0E</key>
		<dict>
			<key>containerPortal</key>
			<string>68740D0718D24F9A00D36C0E</string>
			<key>isa</key>
			<string>PBXContainerItemProxy</string>
			<key>proxyType</key>
			<string>1</string>
			<key>remoteGlobalIDString</key>
			<string>68740D0E18D24F9A00D36C0E</string>
			<key>remoteInfo</key>
			<string>godtools</string>
		</dict>
		<key>68740D3618D24F9A00D36C0E</key>
		<dict>
			<key>isa</key>
			<string>PBXTargetDependency</string>
			<key>target</key>
			<string>68740D0E18D24F9A00D36C0E</string>
			<key>targetProxy</key>
			<string>68740D3518D24F9A00D36C0E</string>
		</dict>
		<key>68740D3718D24F9A00D36C0E</key>
		<dict>
			<key>children</key>
			<array>
				<string>68A1CBFE18DB6F9600D84F12</string>
				<string>68740D3D18D24F9A00D36C0E</string>
				<string>68740D3818D24F9A00D36C0E</string>
			</array>
			<key>isa</key>
			<string>PBXGroup</string>
			<key>path</key>
			<string>godtoolsTests</string>
			<key>sourceTree</key>
			<string>&lt;group&gt;</string>
		</dict>
		<key>68740D3818D24F9A00D36C0E</key>
		<dict>
			<key>children</key>
			<array>
				<string>68740D3918D24F9A00D36C0E</string>
				<string>68740D3A18D24F9A00D36C0E</string>
			</array>
			<key>isa</key>
			<string>PBXGroup</string>
			<key>name</key>
			<string>Supporting Files</string>
			<key>sourceTree</key>
			<string>&lt;group&gt;</string>
		</dict>
		<key>68740D3918D24F9A00D36C0E</key>
		<dict>
			<key>isa</key>
			<string>PBXFileReference</string>
			<key>lastKnownFileType</key>
			<string>text.plist.xml</string>
			<key>path</key>
			<string>godtoolsTests-Info.plist</string>
			<key>sourceTree</key>
			<string>&lt;group&gt;</string>
		</dict>
		<key>68740D3A18D24F9A00D36C0E</key>
		<dict>
			<key>children</key>
			<array>
				<string>68740D3B18D24F9A00D36C0E</string>
			</array>
			<key>isa</key>
			<string>PBXVariantGroup</string>
			<key>name</key>
			<string>InfoPlist.strings</string>
			<key>sourceTree</key>
			<string>&lt;group&gt;</string>
		</dict>
		<key>68740D3B18D24F9A00D36C0E</key>
		<dict>
			<key>isa</key>
			<string>PBXFileReference</string>
			<key>lastKnownFileType</key>
			<string>text.plist.strings</string>
			<key>name</key>
			<string>en</string>
			<key>path</key>
			<string>en.lproj/InfoPlist.strings</string>
			<key>sourceTree</key>
			<string>&lt;group&gt;</string>
		</dict>
		<key>68740D3C18D24F9A00D36C0E</key>
		<dict>
			<key>fileRef</key>
			<string>68740D3A18D24F9A00D36C0E</string>
			<key>isa</key>
			<string>PBXBuildFile</string>
		</dict>
		<key>68740D3D18D24F9A00D36C0E</key>
		<dict>
			<key>isa</key>
			<string>PBXFileReference</string>
			<key>lastKnownFileType</key>
			<string>sourcecode.c.objc</string>
			<key>path</key>
			<string>godtoolsTests.m</string>
			<key>sourceTree</key>
			<string>&lt;group&gt;</string>
		</dict>
		<key>68740D3E18D24F9A00D36C0E</key>
		<dict>
			<key>fileRef</key>
			<string>68740D3D18D24F9A00D36C0E</string>
			<key>isa</key>
			<string>PBXBuildFile</string>
		</dict>
		<key>68740D3F18D24F9A00D36C0E</key>
		<dict>
			<key>buildSettings</key>
			<dict>
				<key>ALWAYS_SEARCH_USER_PATHS</key>
				<string>NO</string>
				<key>CLANG_CXX_LANGUAGE_STANDARD</key>
				<string>gnu++0x</string>
				<key>CLANG_CXX_LIBRARY</key>
				<string>libc++</string>
				<key>CLANG_ENABLE_MODULES</key>
				<string>YES</string>
				<key>CLANG_ENABLE_OBJC_ARC</key>
				<string>YES</string>
				<key>CLANG_WARN_BOOL_CONVERSION</key>
				<string>YES</string>
				<key>CLANG_WARN_CONSTANT_CONVERSION</key>
				<string>YES</string>
				<key>CLANG_WARN_DIRECT_OBJC_ISA_USAGE</key>
				<string>YES_ERROR</string>
				<key>CLANG_WARN_EMPTY_BODY</key>
				<string>YES</string>
				<key>CLANG_WARN_ENUM_CONVERSION</key>
				<string>YES</string>
				<key>CLANG_WARN_INT_CONVERSION</key>
				<string>YES</string>
				<key>CLANG_WARN_OBJC_ROOT_CLASS</key>
				<string>YES_ERROR</string>
				<key>CLANG_WARN__DUPLICATE_METHOD_MATCH</key>
				<string>YES</string>
				<key>CODE_SIGN_IDENTITY[sdk=iphoneos*]</key>
				<string>iPhone Developer</string>
				<key>COPY_PHASE_STRIP</key>
				<string>NO</string>
				<key>GCC_C_LANGUAGE_STANDARD</key>
				<string>gnu99</string>
				<key>GCC_DYNAMIC_NO_PIC</key>
				<string>NO</string>
				<key>GCC_OPTIMIZATION_LEVEL</key>
				<string>0</string>
				<key>GCC_PREPROCESSOR_DEFINITIONS</key>
				<array>
					<string>DEBUG=1</string>
					<string>$(inherited)</string>
				</array>
				<key>GCC_SYMBOLS_PRIVATE_EXTERN</key>
				<string>NO</string>
				<key>GCC_WARN_64_TO_32_BIT_CONVERSION</key>
				<string>YES</string>
				<key>GCC_WARN_ABOUT_RETURN_TYPE</key>
				<string>YES_ERROR</string>
				<key>GCC_WARN_UNDECLARED_SELECTOR</key>
				<string>YES</string>
				<key>GCC_WARN_UNINITIALIZED_AUTOS</key>
				<string>YES_AGGRESSIVE</string>
				<key>GCC_WARN_UNUSED_FUNCTION</key>
				<string>YES</string>
				<key>GCC_WARN_UNUSED_VARIABLE</key>
				<string>YES</string>
				<key>IPHONEOS_DEPLOYMENT_TARGET</key>
				<string>7.1</string>
				<key>ONLY_ACTIVE_ARCH</key>
				<string>YES</string>
				<key>SDKROOT</key>
				<string>iphoneos</string>
			</dict>
			<key>isa</key>
			<string>XCBuildConfiguration</string>
			<key>name</key>
			<string>Debug</string>
		</dict>
		<key>68740D4018D24F9A00D36C0E</key>
		<dict>
			<key>buildSettings</key>
			<dict>
				<key>ALWAYS_SEARCH_USER_PATHS</key>
				<string>NO</string>
				<key>CLANG_CXX_LANGUAGE_STANDARD</key>
				<string>gnu++0x</string>
				<key>CLANG_CXX_LIBRARY</key>
				<string>libc++</string>
				<key>CLANG_ENABLE_MODULES</key>
				<string>YES</string>
				<key>CLANG_ENABLE_OBJC_ARC</key>
				<string>YES</string>
				<key>CLANG_WARN_BOOL_CONVERSION</key>
				<string>YES</string>
				<key>CLANG_WARN_CONSTANT_CONVERSION</key>
				<string>YES</string>
				<key>CLANG_WARN_DIRECT_OBJC_ISA_USAGE</key>
				<string>YES_ERROR</string>
				<key>CLANG_WARN_EMPTY_BODY</key>
				<string>YES</string>
				<key>CLANG_WARN_ENUM_CONVERSION</key>
				<string>YES</string>
				<key>CLANG_WARN_INT_CONVERSION</key>
				<string>YES</string>
				<key>CLANG_WARN_OBJC_ROOT_CLASS</key>
				<string>YES_ERROR</string>
				<key>CLANG_WARN__DUPLICATE_METHOD_MATCH</key>
				<string>YES</string>
				<key>CODE_SIGN_IDENTITY[sdk=iphoneos*]</key>
				<string>iPhone Developer</string>
				<key>COPY_PHASE_STRIP</key>
				<string>YES</string>
				<key>ENABLE_NS_ASSERTIONS</key>
				<string>NO</string>
				<key>GCC_C_LANGUAGE_STANDARD</key>
				<string>gnu99</string>
				<key>GCC_WARN_64_TO_32_BIT_CONVERSION</key>
				<string>YES</string>
				<key>GCC_WARN_ABOUT_RETURN_TYPE</key>
				<string>YES_ERROR</string>
				<key>GCC_WARN_UNDECLARED_SELECTOR</key>
				<string>YES</string>
				<key>GCC_WARN_UNINITIALIZED_AUTOS</key>
				<string>YES_AGGRESSIVE</string>
				<key>GCC_WARN_UNUSED_FUNCTION</key>
				<string>YES</string>
				<key>GCC_WARN_UNUSED_VARIABLE</key>
				<string>YES</string>
				<key>IPHONEOS_DEPLOYMENT_TARGET</key>
				<string>7.1</string>
				<key>SDKROOT</key>
				<string>iphoneos</string>
				<key>VALIDATE_PRODUCT</key>
				<string>YES</string>
			</dict>
			<key>isa</key>
			<string>XCBuildConfiguration</string>
			<key>name</key>
			<string>Release</string>
		</dict>
		<key>68740D4118D24F9A00D36C0E</key>
		<dict>
			<key>buildConfigurations</key>
			<array>
				<string>68740D4218D24F9A00D36C0E</string>
				<string>68740D4318D24F9A00D36C0E</string>
			</array>
			<key>defaultConfigurationIsVisible</key>
			<string>0</string>
			<key>defaultConfigurationName</key>
			<string>Release</string>
			<key>isa</key>
			<string>XCConfigurationList</string>
		</dict>
		<key>68740D4218D24F9A00D36C0E</key>
		<dict>
			<key>baseConfigurationReference</key>
			<string>E249B0B61E7F44AA97C935A4</string>
			<key>buildSettings</key>
			<dict>
				<key>ASSETCATALOG_COMPILER_APPICON_NAME</key>
				<string>AppIcon</string>
				<key>ASSETCATALOG_COMPILER_LAUNCHIMAGE_NAME</key>
				<string>LaunchImage</string>
				<key>GCC_PRECOMPILE_PREFIX_HEADER</key>
				<string>YES</string>
				<key>GCC_PREFIX_HEADER</key>
				<string>godtools/godtools-Prefix.pch</string>
				<key>INFOPLIST_FILE</key>
				<string>godtools/godtools-Info.plist</string>
				<key>IPHONEOS_DEPLOYMENT_TARGET</key>
				<string>6.0</string>
				<key>MOMC_NO_INVERSE_RELATIONSHIP_WARNINGS</key>
				<string>YES</string>
				<key>PRODUCT_NAME</key>
				<string>$(TARGET_NAME)</string>
				<key>WRAPPER_EXTENSION</key>
				<string>app</string>
			</dict>
			<key>isa</key>
			<string>XCBuildConfiguration</string>
			<key>name</key>
			<string>Debug</string>
		</dict>
		<key>68740D4318D24F9A00D36C0E</key>
		<dict>
			<key>baseConfigurationReference</key>
			<string>E249B0B61E7F44AA97C935A4</string>
			<key>buildSettings</key>
			<dict>
				<key>ASSETCATALOG_COMPILER_APPICON_NAME</key>
				<string>AppIcon</string>
				<key>ASSETCATALOG_COMPILER_LAUNCHIMAGE_NAME</key>
				<string>LaunchImage</string>
				<key>GCC_PRECOMPILE_PREFIX_HEADER</key>
				<string>YES</string>
				<key>GCC_PREFIX_HEADER</key>
				<string>godtools/godtools-Prefix.pch</string>
				<key>INFOPLIST_FILE</key>
				<string>godtools/godtools-Info.plist</string>
				<key>IPHONEOS_DEPLOYMENT_TARGET</key>
				<string>6.0</string>
				<key>MOMC_NO_INVERSE_RELATIONSHIP_WARNINGS</key>
				<string>YES</string>
				<key>PRODUCT_NAME</key>
				<string>$(TARGET_NAME)</string>
				<key>WRAPPER_EXTENSION</key>
				<string>app</string>
			</dict>
			<key>isa</key>
			<string>XCBuildConfiguration</string>
			<key>name</key>
			<string>Release</string>
		</dict>
		<key>68740D4418D24F9A00D36C0E</key>
		<dict>
			<key>buildConfigurations</key>
			<array>
				<string>68740D4518D24F9A00D36C0E</string>
				<string>68740D4618D24F9A00D36C0E</string>
			</array>
			<key>defaultConfigurationIsVisible</key>
			<string>0</string>
			<key>defaultConfigurationName</key>
			<string>Release</string>
			<key>isa</key>
			<string>XCConfigurationList</string>
		</dict>
		<key>68740D4518D24F9A00D36C0E</key>
		<dict>
			<key>baseConfigurationReference</key>
			<string>E249B0B61E7F44AA97C935A4</string>
			<key>buildSettings</key>
			<dict>
				<key>BUNDLE_LOADER</key>
				<string>$(BUILT_PRODUCTS_DIR)/godtools.app/godtools</string>
				<key>FRAMEWORK_SEARCH_PATHS</key>
				<array>
					<string>$(SDKROOT)/Developer/Library/Frameworks</string>
					<string>$(inherited)</string>
					<string>$(DEVELOPER_FRAMEWORKS_DIR)</string>
				</array>
				<key>GCC_PRECOMPILE_PREFIX_HEADER</key>
				<string>YES</string>
				<key>GCC_PREFIX_HEADER</key>
				<string>godtools/godtools-Prefix.pch</string>
				<key>GCC_PREPROCESSOR_DEFINITIONS</key>
				<array>
					<string>DEBUG=1</string>
					<string>$(inherited)</string>
				</array>
				<key>INFOPLIST_FILE</key>
				<string>godtoolsTests/godtoolsTests-Info.plist</string>
				<key>PRODUCT_NAME</key>
				<string>$(TARGET_NAME)</string>
				<key>TEST_HOST</key>
				<string>$(BUNDLE_LOADER)</string>
				<key>WRAPPER_EXTENSION</key>
				<string>xctest</string>
			</dict>
			<key>isa</key>
			<string>XCBuildConfiguration</string>
			<key>name</key>
			<string>Debug</string>
		</dict>
		<key>68740D4618D24F9A00D36C0E</key>
		<dict>
			<key>baseConfigurationReference</key>
			<string>E249B0B61E7F44AA97C935A4</string>
			<key>buildSettings</key>
			<dict>
				<key>BUNDLE_LOADER</key>
				<string>$(BUILT_PRODUCTS_DIR)/godtools.app/godtools</string>
				<key>FRAMEWORK_SEARCH_PATHS</key>
				<array>
					<string>$(SDKROOT)/Developer/Library/Frameworks</string>
					<string>$(inherited)</string>
					<string>$(DEVELOPER_FRAMEWORKS_DIR)</string>
				</array>
				<key>GCC_PRECOMPILE_PREFIX_HEADER</key>
				<string>YES</string>
				<key>GCC_PREFIX_HEADER</key>
				<string>godtools/godtools-Prefix.pch</string>
				<key>INFOPLIST_FILE</key>
				<string>godtoolsTests/godtoolsTests-Info.plist</string>
				<key>PRODUCT_NAME</key>
				<string>$(TARGET_NAME)</string>
				<key>TEST_HOST</key>
				<string>$(BUNDLE_LOADER)</string>
				<key>WRAPPER_EXTENSION</key>
				<string>xctest</string>
			</dict>
			<key>isa</key>
			<string>XCBuildConfiguration</string>
			<key>name</key>
			<string>Release</string>
		</dict>
		<key>68740D4718D259AA00D36C0E</key>
		<dict>
			<key>children</key>
			<array>
				<string>68740D4818D259AA00D36C0E</string>
			</array>
			<key>currentVersion</key>
			<string>68740D4818D259AA00D36C0E</string>
			<key>isa</key>
			<string>XCVersionGroup</string>
			<key>path</key>
			<string>GTModel.xcdatamodeld</string>
			<key>sourceTree</key>
			<string>&lt;group&gt;</string>
			<key>versionGroupType</key>
			<string>wrapper.xcdatamodel</string>
		</dict>
		<key>68740D4818D259AA00D36C0E</key>
		<dict>
			<key>isa</key>
			<string>PBXFileReference</string>
			<key>lastKnownFileType</key>
			<string>wrapper.xcdatamodel</string>
			<key>path</key>
			<string>GTModel.xcdatamodel</string>
			<key>sourceTree</key>
			<string>&lt;group&gt;</string>
		</dict>
		<key>68740D4918D259AA00D36C0E</key>
		<dict>
			<key>fileRef</key>
			<string>68740D4718D259AA00D36C0E</string>
			<key>isa</key>
			<string>PBXBuildFile</string>
		</dict>
		<key>68740D4A18D259AA00D36C0E</key>
		<dict>
			<key>fileRef</key>
			<string>68740D4718D259AA00D36C0E</string>
			<key>isa</key>
			<string>PBXBuildFile</string>
		</dict>
		<key>68A1CBFD18DB6C3B00D84F12</key>
		<dict>
			<key>fileRef</key>
			<string>68E6068918D3986D00844377</string>
			<key>isa</key>
			<string>PBXBuildFile</string>
		</dict>
		<key>68A1CBFE18DB6F9600D84F12</key>
		<dict>
			<key>fileEncoding</key>
			<string>4</string>
			<key>isa</key>
			<string>PBXFileReference</string>
			<key>lastKnownFileType</key>
			<string>sourcecode.c.objc</string>
			<key>path</key>
			<string>GTAPITest.m</string>
			<key>sourceTree</key>
			<string>&lt;group&gt;</string>
		</dict>
		<key>68A1CBFF18DB6F9600D84F12</key>
		<dict>
			<key>fileRef</key>
			<string>68A1CBFE18DB6F9600D84F12</string>
			<key>isa</key>
			<string>PBXBuildFile</string>
		</dict>
		<key>68E6065E18D3834300844377</key>
		<dict>
			<key>children</key>
			<array>
				<string>68E6066B18D383EE00844377</string>
				<string>68E6068418D3952800844377</string>
				<string>68E6068518D3952800844377</string>
				<string>682F0E8B18D8FA3900FBE3E0</string>
				<string>682F0E8C18D8FA3900FBE3E0</string>
				<string>682F0E8F18D8FBE100FBE3E0</string>
			</array>
			<key>isa</key>
			<string>PBXGroup</string>
			<key>name</key>
			<string>godtools-ios-api</string>
			<key>sourceTree</key>
			<string>&lt;group&gt;</string>
		</dict>
		<key>68E6066B18D383EE00844377</key>
		<dict>
			<key>children</key>
			<array>
				<string>68E6067818D3947600844377</string>
				<string>68E6067918D3947600844377</string>
				<string>68E6067C18D3949700844377</string>
				<string>68E6067D18D3949700844377</string>
				<string>68E6068018D394B100844377</string>
				<string>68E6068118D394B100844377</string>
				<string>68E6066C18D3844600844377</string>
				<string>68E6066D18D3844600844377</string>
				<string>68E6068A18D398AC00844377</string>
				<string>68E6068B18D398AC00844377</string>
				<string>68E6068818D3986D00844377</string>
				<string>68E6068918D3986D00844377</string>
				<string>682F0E8218D88BA600FBE3E0</string>
				<string>682F0E8318D88BA600FBE3E0</string>
			</array>
			<key>isa</key>
			<string>PBXGroup</string>
			<key>name</key>
			<string>Models</string>
			<key>sourceTree</key>
			<string>&lt;group&gt;</string>
		</dict>
		<key>68E6066C18D3844600844377</key>
		<dict>
			<key>fileEncoding</key>
			<string>4</string>
			<key>isa</key>
			<string>PBXFileReference</string>
			<key>lastKnownFileType</key>
			<string>sourcecode.c.h</string>
			<key>name</key>
			<string>GTLanguage.h</string>
			<key>path</key>
			<string>godtools-ios-api/Models/GTLanguage.h</string>
			<key>sourceTree</key>
			<string>&lt;group&gt;</string>
		</dict>
		<key>68E6066D18D3844600844377</key>
		<dict>
			<key>fileEncoding</key>
			<string>4</string>
			<key>isa</key>
			<string>PBXFileReference</string>
			<key>lastKnownFileType</key>
			<string>sourcecode.c.objc</string>
			<key>name</key>
			<string>GTLanguage.m</string>
			<key>path</key>
			<string>godtools-ios-api/Models/GTLanguage.m</string>
			<key>sourceTree</key>
			<string>&lt;group&gt;</string>
		</dict>
		<key>68E6067218D3844600844377</key>
		<dict>
			<key>fileRef</key>
			<string>68E6066D18D3844600844377</string>
			<key>isa</key>
			<string>PBXBuildFile</string>
		</dict>
		<key>68E6067318D3844600844377</key>
		<dict>
			<key>fileRef</key>
			<string>68E6066D18D3844600844377</string>
			<key>isa</key>
			<string>PBXBuildFile</string>
		</dict>
		<key>68E6067818D3947600844377</key>
		<dict>
			<key>fileEncoding</key>
			<string>4</string>
			<key>isa</key>
			<string>PBXFileReference</string>
			<key>lastKnownFileType</key>
			<string>sourcecode.c.h</string>
			<key>name</key>
			<string>GTLanguage+Helper.h</string>
			<key>path</key>
			<string>godtools-ios-api/Models/GTLanguage+Helper.h</string>
			<key>sourceTree</key>
			<string>&lt;group&gt;</string>
		</dict>
		<key>68E6067918D3947600844377</key>
		<dict>
			<key>fileEncoding</key>
			<string>4</string>
			<key>isa</key>
			<string>PBXFileReference</string>
			<key>lastKnownFileType</key>
			<string>sourcecode.c.objc</string>
			<key>name</key>
			<string>GTLanguage+Helper.m</string>
			<key>path</key>
			<string>godtools-ios-api/Models/GTLanguage+Helper.m</string>
			<key>sourceTree</key>
			<string>&lt;group&gt;</string>
		</dict>
		<key>68E6067A18D3947600844377</key>
		<dict>
			<key>fileRef</key>
			<string>68E6067918D3947600844377</string>
			<key>isa</key>
			<string>PBXBuildFile</string>
		</dict>
		<key>68E6067B18D3947600844377</key>
		<dict>
			<key>fileRef</key>
			<string>68E6067918D3947600844377</string>
			<key>isa</key>
			<string>PBXBuildFile</string>
		</dict>
		<key>68E6067C18D3949700844377</key>
		<dict>
			<key>fileEncoding</key>
			<string>4</string>
			<key>isa</key>
			<string>PBXFileReference</string>
			<key>lastKnownFileType</key>
			<string>sourcecode.c.h</string>
			<key>name</key>
			<string>GTPackage+Helper.h</string>
			<key>path</key>
			<string>godtools-ios-api/Models/GTPackage+Helper.h</string>
			<key>sourceTree</key>
			<string>&lt;group&gt;</string>
		</dict>
		<key>68E6067D18D3949700844377</key>
		<dict>
			<key>fileEncoding</key>
			<string>4</string>
			<key>isa</key>
			<string>PBXFileReference</string>
			<key>lastKnownFileType</key>
			<string>sourcecode.c.objc</string>
			<key>name</key>
			<string>GTPackage+Helper.m</string>
			<key>path</key>
			<string>godtools-ios-api/Models/GTPackage+Helper.m</string>
			<key>sourceTree</key>
			<string>&lt;group&gt;</string>
		</dict>
		<key>68E6067E18D3949700844377</key>
		<dict>
			<key>fileRef</key>
			<string>68E6067D18D3949700844377</string>
			<key>isa</key>
			<string>PBXBuildFile</string>
		</dict>
		<key>68E6067F18D3949700844377</key>
		<dict>
			<key>fileRef</key>
			<string>68E6067D18D3949700844377</string>
			<key>isa</key>
			<string>PBXBuildFile</string>
		</dict>
		<key>68E6068018D394B100844377</key>
		<dict>
			<key>fileEncoding</key>
			<string>4</string>
			<key>isa</key>
			<string>PBXFileReference</string>
			<key>lastKnownFileType</key>
			<string>sourcecode.c.h</string>
			<key>name</key>
			<string>GTResourceLog+Helper.h</string>
			<key>path</key>
			<string>godtools-ios-api/Models/GTResourceLog+Helper.h</string>
			<key>sourceTree</key>
			<string>&lt;group&gt;</string>
		</dict>
		<key>68E6068118D394B100844377</key>
		<dict>
			<key>fileEncoding</key>
			<string>4</string>
			<key>isa</key>
			<string>PBXFileReference</string>
			<key>lastKnownFileType</key>
			<string>sourcecode.c.objc</string>
			<key>name</key>
			<string>GTResourceLog+Helper.m</string>
			<key>path</key>
			<string>godtools-ios-api/Models/GTResourceLog+Helper.m</string>
			<key>sourceTree</key>
			<string>&lt;group&gt;</string>
		</dict>
		<key>68E6068218D394B100844377</key>
		<dict>
			<key>fileRef</key>
			<string>68E6068118D394B100844377</string>
			<key>isa</key>
			<string>PBXBuildFile</string>
		</dict>
		<key>68E6068318D394B100844377</key>
		<dict>
			<key>fileRef</key>
			<string>68E6068118D394B100844377</string>
			<key>isa</key>
			<string>PBXBuildFile</string>
		</dict>
		<key>68E6068418D3952800844377</key>
		<dict>
			<key>fileEncoding</key>
			<string>4</string>
			<key>isa</key>
			<string>PBXFileReference</string>
			<key>lastKnownFileType</key>
			<string>sourcecode.c.h</string>
			<key>name</key>
			<string>GTAPI.h</string>
			<key>path</key>
			<string>godtools-ios-api/GTAPI.h</string>
			<key>sourceTree</key>
			<string>&lt;group&gt;</string>
		</dict>
		<key>68E6068518D3952800844377</key>
		<dict>
			<key>fileEncoding</key>
			<string>4</string>
			<key>isa</key>
			<string>PBXFileReference</string>
			<key>lastKnownFileType</key>
			<string>sourcecode.c.objc</string>
			<key>name</key>
			<string>GTAPI.m</string>
			<key>path</key>
			<string>godtools-ios-api/GTAPI.m</string>
			<key>sourceTree</key>
			<string>&lt;group&gt;</string>
		</dict>
		<key>68E6068618D3952800844377</key>
		<dict>
			<key>fileRef</key>
			<string>68E6068518D3952800844377</string>
			<key>isa</key>
			<string>PBXBuildFile</string>
		</dict>
		<key>68E6068718D3952800844377</key>
		<dict>
			<key>fileRef</key>
			<string>68E6068518D3952800844377</string>
			<key>isa</key>
			<string>PBXBuildFile</string>
		</dict>
		<key>68E6068818D3986D00844377</key>
		<dict>
			<key>isa</key>
			<string>PBXFileReference</string>
			<key>lastKnownFileType</key>
			<string>sourcecode.c.h</string>
			<key>name</key>
			<string>GTResourceLog.h</string>
			<key>path</key>
			<string>godtools-ios-api/Models/GTResourceLog.h</string>
			<key>sourceTree</key>
			<string>&lt;group&gt;</string>
		</dict>
		<key>68E6068918D3986D00844377</key>
		<dict>
			<key>isa</key>
			<string>PBXFileReference</string>
			<key>lastKnownFileType</key>
			<string>sourcecode.c.objc</string>
			<key>name</key>
			<string>GTResourceLog.m</string>
			<key>path</key>
			<string>godtools-ios-api/Models/GTResourceLog.m</string>
			<key>sourceTree</key>
			<string>&lt;group&gt;</string>
		</dict>
		<key>68E6068A18D398AC00844377</key>
		<dict>
			<key>fileEncoding</key>
			<string>4</string>
			<key>isa</key>
			<string>PBXFileReference</string>
			<key>lastKnownFileType</key>
			<string>sourcecode.c.h</string>
			<key>name</key>
			<string>GTPackage.h</string>
			<key>path</key>
			<string>godtools-ios-api/Models/GTPackage.h</string>
			<key>sourceTree</key>
			<string>&lt;group&gt;</string>
		</dict>
		<key>68E6068B18D398AC00844377</key>
		<dict>
			<key>fileEncoding</key>
			<string>4</string>
			<key>isa</key>
			<string>PBXFileReference</string>
			<key>lastKnownFileType</key>
			<string>sourcecode.c.objc</string>
			<key>name</key>
			<string>GTPackage.m</string>
			<key>path</key>
			<string>godtools-ios-api/Models/GTPackage.m</string>
			<key>sourceTree</key>
			<string>&lt;group&gt;</string>
		</dict>
		<key>68E6068C18D398AC00844377</key>
		<dict>
			<key>fileRef</key>
			<string>68E6068B18D398AC00844377</string>
			<key>isa</key>
			<string>PBXBuildFile</string>
		</dict>
		<key>68E6068D18D398AC00844377</key>
		<dict>
			<key>fileRef</key>
			<string>68E6068B18D398AC00844377</string>
			<key>isa</key>
			<string>PBXBuildFile</string>
		</dict>
		<key>89ECDA547D6840539CE634E3</key>
		<dict>
			<key>buildActionMask</key>
			<string>2147483647</string>
			<key>files</key>
			<array/>
			<key>inputPaths</key>
			<array/>
			<key>isa</key>
			<string>PBXShellScriptBuildPhase</string>
			<key>name</key>
			<string>Check Pods Manifest.lock</string>
			<key>outputPaths</key>
			<array/>
			<key>runOnlyForDeploymentPostprocessing</key>
			<string>0</string>
			<key>shellPath</key>
			<string>/bin/sh</string>
			<key>shellScript</key>
			<string>diff "${PODS_ROOT}/../Podfile.lock" "${PODS_ROOT}/Manifest.lock" &gt; /dev/null
if [[ $? != 0 ]] ; then
    cat &lt;&lt; EOM
error: The sandbox is not in sync with the Podfile.lock. Run 'pod install' or update your CocoaPods installation.
EOM
    exit 1
fi
</string>
			<key>showEnvVarsInLog</key>
			<string>0</string>
		</dict>
		<key>93D6EED5D0AA48EEB979D824</key>
		<dict>
			<key>explicitFileType</key>
			<string>archive.ar</string>
			<key>includeInIndex</key>
			<string>0</string>
			<key>isa</key>
			<string>PBXFileReference</string>
			<key>path</key>
			<string>libPods.a</string>
			<key>sourceTree</key>
			<string>BUILT_PRODUCTS_DIR</string>
		</dict>
		<key>B3FC0BD662C6407DB9C944C8</key>
		<dict>
			<key>buildActionMask</key>
			<string>2147483647</string>
			<key>files</key>
			<array/>
			<key>inputPaths</key>
			<array/>
			<key>isa</key>
			<string>PBXShellScriptBuildPhase</string>
			<key>name</key>
			<string>Copy Pods Resources</string>
			<key>outputPaths</key>
			<array/>
			<key>runOnlyForDeploymentPostprocessing</key>
			<string>0</string>
			<key>shellPath</key>
			<string>/bin/sh</string>
			<key>shellScript</key>
			<string>"${SRCROOT}/Pods/Pods-resources.sh"
</string>
			<key>showEnvVarsInLog</key>
			<string>0</string>
		</dict>
		<key>D50E718DB44A4FE486486F47</key>
		<dict>
			<key>buildActionMask</key>
			<string>2147483647</string>
			<key>files</key>
			<array/>
			<key>inputPaths</key>
			<array/>
			<key>isa</key>
			<string>PBXShellScriptBuildPhase</string>
			<key>name</key>
			<string>Copy Pods Resources</string>
			<key>outputPaths</key>
			<array/>
			<key>runOnlyForDeploymentPostprocessing</key>
			<string>0</string>
			<key>shellPath</key>
			<string>/bin/sh</string>
			<key>shellScript</key>
			<string>"${SRCROOT}/Pods/Pods-resources.sh"
</string>
			<key>showEnvVarsInLog</key>
			<string>0</string>
		</dict>
		<key>E249B0B61E7F44AA97C935A4</key>
		<dict>
			<key>includeInIndex</key>
			<string>1</string>
			<key>isa</key>
			<string>PBXFileReference</string>
			<key>lastKnownFileType</key>
			<string>text.xcconfig</string>
			<key>name</key>
			<string>Pods.xcconfig</string>
			<key>path</key>
			<string>Pods/Pods.xcconfig</string>
			<key>sourceTree</key>
			<string>&lt;group&gt;</string>
		</dict>
		<key>EC75323B8E7649068F0619CB</key>
		<dict>
			<key>fileRef</key>
			<string>93D6EED5D0AA48EEB979D824</string>
			<key>isa</key>
			<string>PBXBuildFile</string>
		</dict>
	</dict>
	<key>rootObject</key>
	<string>68740D0718D24F9A00D36C0E</string>
</dict>
</plist>
