PODS:
  - AFDownloadRequestOperation (2.0.1):
    - AFNetworking (~> 2.0)
  - AFNetworking (2.2.1):
    - AFNetworking/NSURLConnection
    - AFNetworking/NSURLSession
    - AFNetworking/Reachability
    - AFNetworking/Security
    - AFNetworking/Serialization
    - AFNetworking/UIKit
  - AFNetworking/NSURLConnection (2.2.1):
    - AFNetworking/Reachability
    - AFNetworking/Security
    - AFNetworking/Serialization
  - AFNetworking/NSURLSession (2.2.1):
    - AFNetworking/NSURLConnection
  - AFNetworking/Reachability (2.2.1)
  - AFNetworking/Security (2.2.1)
  - AFNetworking/Serialization (2.2.1)
  - AFNetworking/UIKit (2.2.1):
    - AFNetworking/NSURLConnection
    - AFNetworking/NSURLSession
  - AFRaptureXMLRequestOperation (1.0.3):
    - AFNetworking (~> 2.0.2)
    - RaptureXML (~> 1.0.1)
  - GoogleAnalytics-iOS-SDK (3.0.3)
  - NewRelicAgent (3.256)
  - RaptureXML (1.0.1)
  - SSZipArchive (0.3.1)

DEPENDENCIES:
  - AFDownloadRequestOperation (~> 2.0)
  - AFNetworking (~> 2.0)
  - AFRaptureXMLRequestOperation (~> 1.0)
  - GoogleAnalytics-iOS-SDK (~> 3.0.1)
  - NewRelicAgent (~> 3.256)
  - SSZipArchive (~> 0.3)

SPEC CHECKSUMS:
  AFDownloadRequestOperation: fcb19dc1010296e05c76d863d340051820ffb326
  AFNetworking: 0121f4b69be3fa58d1ab317866e036e12ac9651d
  AFRaptureXMLRequestOperation: 56cf8e0ac06cb52540e1cbe83b49feecca9656e9
  GoogleAnalytics-iOS-SDK: 7b0e55cfe5e70d60478a7b105f15ac71e8bc373e
  NewRelicAgent: 14ab6b0fd2af34eca7668449b83bf2ae872ec533
  RaptureXML: ef017fda62eb95c60300108366d1f0cd0c28cbd4
  SSZipArchive: 47d0589a15452311749a4eeecb97e12800d127de

COCOAPODS: 0.29.0
