PODS:
  - AFDownloadRequestOperation (2.0.1):
    - AFNetworking (~> 2.0)
  - AFNetworking (2.5.4):
    - AFNetworking/NSURLConnection (= 2.5.4)
    - AFNetworking/NSURLSession (= 2.5.4)
    - AFNetworking/Reachability (= 2.5.4)
    - AFNetworking/Security (= 2.5.4)
    - AFNetworking/Serialization (= 2.5.4)
    - AFNetworking/UIKit (= 2.5.4)
  - AFNetworking/NSURLConnection (2.5.4):
    - AFNetworking/Reachability
    - AFNetworking/Security
    - AFNetworking/Serialization
  - AFNetworking/NSURLSession (2.5.4):
    - AFNetworking/Reachability
    - AFNetworking/Security
    - AFNetworking/Serialization
  - AFNetworking/Reachability (2.5.4)
  - AFNetworking/Security (2.5.4)
  - AFNetworking/Serialization (2.5.4)
  - AFNetworking/UIKit (2.5.4):
    - AFNetworking/NSURLConnection
    - AFNetworking/NSURLSession
  - AFRaptureXMLRequestOperation (1.0.2):
    - AFNetworking (~> 2.5)
    - RaptureXML (~> 1.0.1)
  - Crashlytics (3.3.4)
  - EDSemver (0.3.0)
  - Fabric (1.5.5):
    - Fabric/Base (= 1.5.5)
  - Fabric/Base (1.5.5)
  - GoogleAnalytics-iOS-SDK (3.0.9)
  - GTViewController (7.0.9):
    - SSCWhatsAppActivity (~> 1.0)
  - MagicalRecord (2.2):
    - MagicalRecord/Core (= 2.2)
  - MagicalRecord/Core (2.2)
  - NewRelicAgent (5.3.1)
  - RaptureXML (1.0.1)
  - Rollbar (0.1.5)
  - SSCWhatsAppActivity (1.2.2)
  - SSZipArchive (0.3.3)

DEPENDENCIES:
  - AFDownloadRequestOperation (~> 2.0)
  - AFNetworking (~> 2.5)
  - AFRaptureXMLRequestOperation (from `https://github.com/CruGlobal/AFRaptureXMLRequestOperation.git`)
  - Crashlytics
  - EDSemver (~> 0.3)
  - Fabric
  - GoogleAnalytics-iOS-SDK (~> 3.0.9)
  - GTViewController (~> 7.0.9)
  - MagicalRecord (~> 2.2)
  - NewRelicAgent (~> 5.3.1)
  - Rollbar (~> 0.1.5)
  - SSZipArchive (~> 0.3)

EXTERNAL SOURCES:
  AFRaptureXMLRequestOperation:
    :git: https://github.com/CruGlobal/AFRaptureXMLRequestOperation.git

CHECKOUT OPTIONS:
  AFRaptureXMLRequestOperation:
    :commit: 4dbbb8a6c2d2115c09a4df3ffc6cda20e93a1cd1
    :git: https://github.com/CruGlobal/AFRaptureXMLRequestOperation.git

SPEC CHECKSUMS:
  AFDownloadRequestOperation: 748a1643423e1ddb23f2178f778087d4f0ae8ac7
  AFNetworking: 05edc0ac4c4c8cf57bcf4b84be5b0744b6d8e71e
  AFRaptureXMLRequestOperation: dab4e06ac414e0e9e6a36298963dd8cafad8a9d7
  Crashlytics: 41c082440d2e14da444186fff65e79c0b4b35d4c
  EDSemver: 124a90685873628ec30f42504b461a1a61757568
  Fabric: 190bf1a6eb65f7500de1347d027d2e59a7e53db1
  GoogleAnalytics-iOS-SDK: 3b0994bef22ed2e176a9e2a4d1660c7c2542eb47
  GTViewController: 0bd8cb9acdf6c7458162df91a2e018321a4ee83a
  MagicalRecord: 2dc87179ae7c1f2a274442624ec65a07d4357a6f
  NewRelicAgent: 8d8b27bea8d046f42a4a03c0ca4b571021f100d8
  RaptureXML: b5c33c04c1a4adfd8ad0d5463329a31820596e82
  Rollbar: 6b4be007d57f434cd48f7cce52862013c6bd64cb
  SSCWhatsAppActivity: fdea072dcf11f1e4889c8f8d9f58118672361900
  SSZipArchive: 2cf2a6d3ac9f03252b7d96f93728b9b983be9afb

COCOAPODS: 0.39.0
